{
  "name": "sdk_test",
  "version": "1.0.0",
  "lockfileVersion": 3,
  "requires": true,
  "packages": {
    "": {
      "name": "sdk_test",
      "version": "1.0.0",
      "license": "ISC",
      "dependencies": {
        "@sentra-ai/sdk": "^1.0.0"
      }
    },
    "node_modules/@sentra-ai/sdk": {
      "version": "1.0.0",
      "resolved": "https://registry.npmjs.org/@sentra-ai/sdk/-/sdk-1.0.0.tgz",
      "integrity": "sha512-Fox4vgdYfIaIWz4ii8itE59rDE96AIyDBqkxZq4GIQyBOU9Pcrs6kNG7qmVLKhpgYGN7YEtsTr0Lr3zZExhSEQ==",
      "license": "MIT"
    }
  }
}
